
Microsoft Visual Studio Solution File, Format Version 11.00
# Visual Studio 2010
Project("{FAE04EC0-301F-11D3-BF4B-00C04F79EFBC}") = "CommandConsole", "CommandConsole.csproj", "{73A3E2B8-BD4C-41D3-BEE2-197839913510}"
EndProject
Project("{FAE04EC0-301F-11D3-BF4B-00C04F79EFBC}") = "CommandManager", "..\CommandManager\CommandManager.csproj", "{5DD7C59A-D3EC-4E70-9FFA-4D3E2A504BCC}"
EndProject
Global
	GlobalSection(SolutionConfigurationPlatforms) = preSolution
		Debug|Any CPU = Debug|Any CPU
		Debug|Mixed Platforms = Debug|Mixed Platforms
		Debug|x86 = Debug|x86
		Release|Any CPU = Release|Any CPU
		Release|Mixed Platforms = Release|Mixed Platforms
		Release|x86 = Release|x86
	EndGlobalSection
	GlobalSection(ProjectConfigurationPlatforms) = postSolution
		{73A3E2B8-BD4C-41D3-BEE2-197839913510}.Debug|Any CPU.ActiveCfg = Debug|x86
		{73A3E2B8-BD4C-41D3-BEE2-197839913510}.Debug|Mixed Platforms.ActiveCfg = Debug|x86
		{73A3E2B8-BD4C-41D3-BEE2-197839913510}.Debug|Mixed Platforms.Build.0 = Debug|x86
		{73A3E2B8-BD4C-41D3-BEE2-197839913510}.Debug|x86.ActiveCfg = Debug|x86
		{73A3E2B8-BD4C-41D3-BEE2-197839913510}.Debug|x86.Build.0 = Debug|x86
		{73A3E2B8-BD4C-41D3-BEE2-197839913510}.Release|Any CPU.ActiveCfg = Release|x86
		{73A3E2B8-BD4C-41D3-BEE2-197839913510}.Release|Mixed Platforms.ActiveCfg = Release|x86
		{73A3E2B8-BD4C-41D3-BEE2-197839913510}.Release|Mixed Platforms.Build.0 = Release|x86
		{73A3E2B8-BD4C-41D3-BEE2-197839913510}.Release|x86.ActiveCfg = Release|x86
		{73A3E2B8-BD4C-41D3-BEE2-197839913510}.Release|x86.Build.0 = Release|x86
		{5DD7C59A-D3EC-4E70-9FFA-4D3E2A504BCC}.Debug|Any CPU.ActiveCfg = Debug|Any CPU
		{5DD7C59A-D3EC-4E70-9FFA-4D3E2A504BCC}.Debug|Any CPU.Build.0 = Debug|Any CPU
		{5DD7C59A-D3EC-4E70-9FFA-4D3E2A504BCC}.Debug|Mixed Platforms.ActiveCfg = Debug|Any CPU
		{5DD7C59A-D3EC-4E70-9FFA-4D3E2A504BCC}.Debug|Mixed Platforms.Build.0 = Debug|Any CPU
		{5DD7C59A-D3EC-4E70-9FFA-4D3E2A504BCC}.Debug|x86.ActiveCfg = Debug|Any CPU
		{5DD7C59A-D3EC-4E70-9FFA-4D3E2A504BCC}.Release|Any CPU.ActiveCfg = Release|Any CPU
		{5DD7C59A-D3EC-4E70-9FFA-4D3E2A504BCC}.Release|Any CPU.Build.0 = Release|Any CPU
		{5DD7C59A-D3EC-4E70-9FFA-4D3E2A504BCC}.Release|Mixed Platforms.ActiveCfg = Release|Any CPU
		{5DD7C59A-D3EC-4E70-9FFA-4D3E2A504BCC}.Release|Mixed Platforms.Build.0 = Release|Any CPU
		{5DD7C59A-D3EC-4E70-9FFA-4D3E2A504BCC}.Release|x86.ActiveCfg = Release|Any CPU
	EndGlobalSection
	GlobalSection(SolutionProperties) = preSolution
		HideSolutionNode = FALSE
	EndGlobalSection
EndGlobal
